<?xml version="1.0" encoding="utf-8"?>
<Project ToolsVersion="4.0" xmlns="http://schemas.microsoft.com/developer/msbuild/2003">
  <ItemGroup>
    <Filter Include="Source Files">
      <UniqueIdentifier>{4FC737F1-C7A5-4376-A066-2A32D752A2FF}</UniqueIdentifier>
      <Extensions>cpp;c;cc;cxx;def;odl;idl;hpj;bat;asm;asmx</Extensions>
    </Filter>
    <Filter Include="Header Files">
      <UniqueIdentifier>{93995380-89BD-4b04-88EB-625FBE52EBFB}</UniqueIdentifier>
      <Extensions>h;hh;hpp;hxx;hm;inl;inc;ipp;xsd</Extensions>
    </Filter>
    <Filter Include="Resource Files">
      <UniqueIdentifier>{67DA6AB6-F800-4c08-8B7A-83BB121AAD01}</UniqueIdentifier>
      <Extensions>rc;ico;cur;bmp;dlg;rc2;rct;bin;rgs;gif;jpg;jpeg;jpe;resx;tiff;tif;png;wav;mfcribbon-ms</Extensions>
    </Filter>
  </ItemGroup>
  <ItemGroup>
    <ClCompile Include="src\main.cpp">
      <Filter>Source Files</Filter>
    </ClCompile>
    <ClCompile Include="src\Application.cpp">
      <Filter>Source Files</Filter>
    </ClCompile>
    <ClCompile Include="src\DidaxEngine\Window\Window.cpp">
      <Filter>Source Files</Filter>
    </ClCompile>
    <ClCompile Include="src\DidaxEngine\Window\WindowConfig.cpp">
      <Filter>Source Files</Filter>
    </ClCompile>
    <ClCompile Include="src\DidaxEngine\Widgets\WidgetHelp\Scroller.cpp">
      <Filter>Source Files</Filter>
    </ClCompile>
    <ClCompile Include="src\DidaxEngine\Widgets\Canvas.cpp">
      <Filter>Source Files</Filter>
    </ClCompile>
    <ClCompile Include="src\DidaxEngine\Widgets\ImageWidget.cpp">
      <Filter>Source Files</Filter>
    </ClCompile>
    <ClCompile Include="src\DidaxEngine\Widgets\ScrollArea.cpp">
      <Filter>Source Files</Filter>
    </ClCompile>
    <ClCompile Include="src\DidaxEngine\Widgets\SwitchableImage.cpp">
      <Filter>Source Files</Filter>
    </ClCompile>
    <ClCompile Include="src\DidaxEngine\Widgets\TextArea.cpp">
      <Filter>Source Files</Filter>
    </ClCompile>
    <ClCompile Include="src\DidaxEngine\Widgets\TextInputArea.cpp">
      <Filter>Source Files</Filter>
    </ClCompile>
    <ClCompile Include="src\DidaxEngine\Widgets\Widget.cpp">
      <Filter>Source Files</Filter>
    </ClCompile>
    <ClCompile Include="src\DidaxEngine\Utility\Logger.cpp">
      <Filter>Source Files</Filter>
    </ClCompile>
    <ClCompile Include="src\DidaxEngine\Utility\StringConversion.cpp">
      <Filter>Source Files</Filter>
    </ClCompile>
    <ClCompile Include="src\DidaxEngine\Inupt\Input.cpp">
      <Filter>Source Files</Filter>
    </ClCompile>
    <ClCompile Include="src\Game\Game.cpp">
      <Filter>Source Files</Filter>
    </ClCompile>
    <ClCompile Include="src\DidaxEngine\GameObjects\GameObject.cpp">
      <Filter>Source Files</Filter>
    </ClCompile>
    <ClCompile Include="src\DidaxEngine\Engine.cpp">
      <Filter>Source Files</Filter>
    </ClCompile>
    <ClCompile Include="src\DidaxEngine\GameObjects\Unit.cpp">
      <Filter>Source Files</Filter>
    </ClCompile>
    <ClCompile Include="src\DidaxEngine\GameObjects\Board.cpp">
      <Filter>Source Files</Filter>
    </ClCompile>
    <ClCompile Include="src\DidaxEngine\Assets\AssetMeneger.cpp">
      <Filter>Source Files</Filter>
    </ClCompile>
    <ClCompile Include="src\DidaxEngine\Assets\Asset.cpp">
      <Filter>Source Files</Filter>
    </ClCompile>
    <ClCompile Include="src\DidaxEngine\Assets\TextureAsset.cpp">
      <Filter>Source Files</Filter>
    </ClCompile>
    <ClCompile Include="src\DidaxEngine\Assets\BoardPrototype.cpp">
      <Filter>Source Files</Filter>
    </ClCompile>
    <ClCompile Include="src\DidaxEngine\Assets\FontAsset.cpp">
      <Filter>Source Files</Filter>
    </ClCompile>
    <ClCompile Include="src\DidaxEngine\Assets\UnitPrototype.cpp">
      <Filter>Source Files</Filter>
    </ClCompile>
    <ClCompile Include="src\DidaxEngine\Assets\OrderPrototype.cpp">
      <Filter>Source Files</Filter>
    </ClCompile>
    <ClCompile Include="src\DidaxEngine\GUI\GUIElement.cpp">
      <Filter>Source Files</Filter>
    </ClCompile>
    <ClCompile Include="src\DidaxEngine\Assets\GUIElementPrototype.cpp">
      <Filter>Source Files</Filter>
    </ClCompile>
    <ClCompile Include="src\DidaxEngine\GUI\SideGUI.cpp">
      <Filter>Source Files</Filter>
    </ClCompile>
    <ClCompile Include="src\DidaxEngine\GUI\UnitRepresentation.cpp">
      <Filter>Source Files</Filter>
    </ClCompile>
  </ItemGroup>
  <ItemGroup>
    <ClInclude Include="src\Application.h">
      <Filter>Header Files</Filter>
    </ClInclude>
    <ClInclude Include="src\DidaxEngine\Engine.h">
      <Filter>Header Files</Filter>
    </ClInclude>
    <ClInclude Include="src\DidaxEngine\Window\Window.h">
      <Filter>Header Files</Filter>
    </ClInclude>
    <ClInclude Include="src\DidaxEngine\Window\WindowConfig.h">
      <Filter>Header Files</Filter>
    </ClInclude>
    <ClInclude Include="src\DidaxEngine\Widgets\WidgetHelp\Scroller.h">
      <Filter>Header Files</Filter>
    </ClInclude>
    <ClInclude Include="src\DidaxEngine\Widgets\Canvas.h">
      <Filter>Header Files</Filter>
    </ClInclude>
    <ClInclude Include="src\DidaxEngine\Widgets\ImageWidget.h">
      <Filter>Header Files</Filter>
    </ClInclude>
    <ClInclude Include="src\DidaxEngine\Widgets\ScrollArea.h">
      <Filter>Header Files</Filter>
    </ClInclude>
    <ClInclude Include="src\DidaxEngine\Widgets\SwitchableImage.h">
      <Filter>Header Files</Filter>
    </ClInclude>
    <ClInclude Include="src\DidaxEngine\Widgets\TextArea.h">
      <Filter>Header Files</Filter>
    </ClInclude>
    <ClInclude Include="src\DidaxEngine\Widgets\TextInputArea.h">
      <Filter>Header Files</Filter>
    </ClInclude>
    <ClInclude Include="src\DidaxEngine\Widgets\Widget.h">
      <Filter>Header Files</Filter>
    </ClInclude>
    <ClInclude Include="src\DidaxEngine\Utility\Logger.h">
      <Filter>Header Files</Filter>
    </ClInclude>
    <ClInclude Include="src\DidaxEngine\Utility\StringConversion.h">
      <Filter>Header Files</Filter>
    </ClInclude>
    <ClInclude Include="src\DidaxEngine\Utility\UniqueID.h">
      <Filter>Header Files</Filter>
    </ClInclude>
    <ClInclude Include="src\DidaxEngine\Inupt\Input.h">
      <Filter>Header Files</Filter>
    </ClInclude>
    <ClInclude Include="src\Game\Game.h">
      <Filter>Header Files</Filter>
    </ClInclude>
    <ClInclude Include="src\DidaxEngine\Widgets\Widgets.h">
      <Filter>Header Files</Filter>
    </ClInclude>
    <ClInclude Include="src\DidaxEngine\GameObjects\GameObject.h">
      <Filter>Header Files</Filter>
    </ClInclude>
    <ClInclude Include="src\DidaxEngine\GameObjects\Unit.h">
      <Filter>Header Files</Filter>
    </ClInclude>
    <ClInclude Include="src\DidaxEngine\GameObjects\Board.h">
      <Filter>Header Files</Filter>
    </ClInclude>
    <ClInclude Include="src\DidaxEngine\GameObjects\Order.h">
      <Filter>Header Files</Filter>
    </ClInclude>
    <ClInclude Include="src\DidaxEngine\GameObjects\GameObjects.h">
      <Filter>Header Files</Filter>
    </ClInclude>
    <ClInclude Include="src\DidaxEngine\Assets\AssetMeneger.h">
      <Filter>Header Files</Filter>
    </ClInclude>
    <ClInclude Include="src\DidaxEngine\Assets\Asset.h">
      <Filter>Header Files</Filter>
    </ClInclude>
    <ClInclude Include="src\DidaxEngine\Assets\TextureAsset.h">
      <Filter>Header Files</Filter>
    </ClInclude>
    <ClInclude Include="src\DidaxEngine\Assets\BoardPrototype.h">
      <Filter>Header Files</Filter>
    </ClInclude>
    <ClInclude Include="src\DidaxEngine\Assets\FontAsset.h">
      <Filter>Header Files</Filter>
    </ClInclude>
    <ClInclude Include="src\DidaxEngine\Assets\UnitPrototype.h">
      <Filter>Header Files</Filter>
    </ClInclude>
    <ClInclude Include="src\DidaxEngine\Assets\OrderPrototype.h">
      <Filter>Header Files</Filter>
    </ClInclude>
    <ClInclude Include="src\DidaxEngine\GUI\GUIElement.h">
      <Filter>Header Files</Filter>
    </ClInclude>
    <ClInclude Include="src\DidaxEngine\Assets\GUIElementPrototype.h">
      <Filter>Header Files</Filter>
    </ClInclude>
    <ClInclude Include="src\DidaxEngine\EngineState.h">
      <Filter>Header Files</Filter>
    </ClInclude>
    <ClInclude Include="src\DidaxEngine\GUI\SideGUI.h">
      <Filter>Header Files</Filter>
    </ClInclude>
    <ClInclude Include="src\DidaxEngine\GUI\UnitRepresentation.h">
      <Filter>Header Files</Filter>
    </ClInclude>
  </ItemGroup>
</Project>